
Microsoft Visual Studio Solution File, Format Version 12.00
# Visual Studio Version 17
VisualStudioVersion = 17.6.33815.320
MinimumVisualStudioVersion = 10.0.40219.1
Project("{FAE04EC0-301F-11D3-BF4B-00C04F79EFBC}") = "aimbotthings", "aimbotthings\aimbotthings.csproj", "{AC6421B2-BA34-4744-8B0D-AB02F642BC43}"
EndProject
Global
	GlobalSection(SolutionConfigurationPlatforms) = preSolution
		Debug|Any CPU = Debug|Any CPU
		Release|Any CPU = Release|Any CPU
	EndGlobalSection
	GlobalSection(ProjectConfigurationPlatforms) = postSolution
		{AC6421B2-BA34-4744-8B0D-AB02F642BC43}.Debug|Any CPU.ActiveCfg = Debug|Any CPU
		{AC6421B2-BA34-4744-8B0D-AB02F642BC43}.Debug|Any CPU.Build.0 = Debug|Any CPU
		{AC6421B2-BA34-4744-8B0D-AB02F642BC43}.Release|Any CPU.ActiveCfg = Release|Any CPU
		{AC6421B2-BA34-4744-8B0D-AB02F642BC43}.Release|Any CPU.Build.0 = Release|Any CPU
	EndGlobalSection
	GlobalSection(SolutionProperties) = preSolution
		HideSolutionNode = FALSE
	EndGlobalSection
	GlobalSection(ExtensibilityGlobals) = postSolution
		SolutionGuid = {91B5A20D-FE55-4010-9C5D-18CBD51141D4}
	EndGlobalSection
EndGlobal
